// !$*UTF8*$!
{
	archiveVersion = 1;
	classes = {
	};
	objectVersion = 51;
	objects = {

/* Begin PBXBuildFile section */
		317447952492AE7000862E28 /* AppDelegate.swift in Sources */ = {isa = PBXBuildFile; fileRef = 317447942492AE7000862E28 /* AppDelegate.swift */; };
		317447972492AE7000862E28 /* SceneDelegate.swift in Sources */ = {isa = PBXBuildFile; fileRef = 317447962492AE7000862E28 /* SceneDelegate.swift */; };
		3174479C2492AE7000862E28 /* Main.storyboard in Resources */ = {isa = PBXBuildFile; fileRef = 3174479A2492AE7000862E28 /* Main.storyboard */; };
		3174479E2492AE7200862E28 /* Assets.xcassets in Resources */ = {isa = PBXBuildFile; fileRef = 3174479D2492AE7200862E28 /* Assets.xcassets */; };
		317447A12492AE7200862E28 /* LaunchScreen.storyboard in Resources */ = {isa = PBXBuildFile; fileRef = 3174479F2492AE7200862E28 /* LaunchScreen.storyboard */; };
		317447AA2492AEAA00862E28 /* NetworkServiceMock.swift in Sources */ = {isa = PBXBuildFile; fileRef = 317447A92492AEAA00862E28 /* NetworkServiceMock.swift */; };
		317447AC2492AEE500862E28 /* DemoData.swift in Sources */ = {isa = PBXBuildFile; fileRef = 317447AB2492AEE500862E28 /* DemoData.swift */; };
		317447AF2492B6DC00862E28 /* Product.swift in Sources */ = {isa = PBXBuildFile; fileRef = 317447AE2492B6DC00862E28 /* Product.swift */; };
		317447B12492B78A00862E28 /* ShoppingBasket.swift in Sources */ = {isa = PBXBuildFile; fileRef = 317447B02492B78A00862E28 /* ShoppingBasket.swift */; };
		4F036884B600DAA1EB1D8FF5 /* Pods_EasyShopper.framework in Frameworks */ = {isa = PBXBuildFile; fileRef = 596AA39DC04D6401FEB3DA84 /* Pods_EasyShopper.framework */; };
		5907B397249753A400C2D0EA /* ShoppingBasketViewModelTest.swift in Sources */ = {isa = PBXBuildFile; fileRef = 5907B396249753A400C2D0EA /* ShoppingBasketViewModelTest.swift */; };
		5907B39B249756FA00C2D0EA /* MockShoppingBasketViewModelDelegate.swift in Sources */ = {isa = PBXBuildFile; fileRef = 5907B39A249756FA00C2D0EA /* MockShoppingBasketViewModelDelegate.swift */; };
		5907B39D249759B300C2D0EA /* Stubbable.swift in Sources */ = {isa = PBXBuildFile; fileRef = 5907B39C249759B300C2D0EA /* Stubbable.swift */; };
		5907B39F24975A1300C2D0EA /* Product+Extension.swift in Sources */ = {isa = PBXBuildFile; fileRef = 5907B39E24975A1300C2D0EA /* Product+Extension.swift */; };
		5907B3B2249763A900C2D0EA /* XCUIApplication+Extensions.swift in Sources */ = {isa = PBXBuildFile; fileRef = 5907B3B1249763A900C2D0EA /* XCUIApplication+Extensions.swift */; };
		592E5D6D24955737004BB3E5 /* ShoppingBasketViewController.swift in Sources */ = {isa = PBXBuildFile; fileRef = 592E5D6C24955737004BB3E5 /* ShoppingBasketViewController.swift */; };
		592E5D702495661E004BB3E5 /* ShoppingBasketTableViewCell.swift in Sources */ = {isa = PBXBuildFile; fileRef = 592E5D6F2495661E004BB3E5 /* ShoppingBasketTableViewCell.swift */; };
		592E5D7324956ED4004BB3E5 /* ShoppingBasketViewModel.swift in Sources */ = {isa = PBXBuildFile; fileRef = 592E5D7224956ED4004BB3E5 /* ShoppingBasketViewModel.swift */; };
		593556C82498F50800F16535 /* URLSession+dataTask.swift in Sources */ = {isa = PBXBuildFile; fileRef = 593556C72498F50800F16535 /* URLSession+dataTask.swift */; };
		593556CA2498F7DD00F16535 /* MockNetworkSession.swift in Sources */ = {isa = PBXBuildFile; fileRef = 593556C92498F7DD00F16535 /* MockNetworkSession.swift */; };
		593CF9A2249629E600DA498D /* ShoppingBasketViewControllerDataSource.swift in Sources */ = {isa = PBXBuildFile; fileRef = 593CF9A1249629E600DA498D /* ShoppingBasketViewControllerDataSource.swift */; };
		593CF9A524962C7F00DA498D /* KachingTheme.swift in Sources */ = {isa = PBXBuildFile; fileRef = 593CF9A424962C7F00DA498D /* KachingTheme.swift */; };
		5977C5092494AA7D0009D224 /* MockyRestClient.swift in Sources */ = {isa = PBXBuildFile; fileRef = 5977C5082494AA7D0009D224 /* MockyRestClient.swift */; };
		5977C50B2494B3140009D224 /* NetworkResponseError.swift in Sources */ = {isa = PBXBuildFile; fileRef = 5977C50A2494B3140009D224 /* NetworkResponseError.swift */; };
		5977C50E2494C8C80009D224 /* HTTPURLResponse+StatusCode.swift in Sources */ = {isa = PBXBuildFile; fileRef = 5977C50D2494C8C80009D224 /* HTTPURLResponse+StatusCode.swift */; };
		5977C5102494C8F60009D224 /* UIViewController+Present.swift in Sources */ = {isa = PBXBuildFile; fileRef = 5977C50F2494C8F60009D224 /* UIViewController+Present.swift */; };
		5977C5222494FBD00009D224 /* MockyRestClientTest.swift in Sources */ = {isa = PBXBuildFile; fileRef = 5977C5212494FBD00009D224 /* MockyRestClientTest.swift */; };
		5977C526249504820009D224 /* APIRequestLoader.swift in Sources */ = {isa = PBXBuildFile; fileRef = 5977C525249504820009D224 /* APIRequestLoader.swift */; };
		5977C52D249512490009D224 /* NetworkingUnitTestTests.swift in Sources */ = {isa = PBXBuildFile; fileRef = 5977C52C249512490009D224 /* NetworkingUnitTestTests.swift */; };
		599F495924982E720057DDCB /* ProductsViewModelTest.swift in Sources */ = {isa = PBXBuildFile; fileRef = 599F495824982E720057DDCB /* ProductsViewModelTest.swift */; };
		599F495B24982ECB0057DDCB /* MockProductsViewModelDelegate.swift in Sources */ = {isa = PBXBuildFile; fileRef = 599F495A24982ECB0057DDCB /* MockProductsViewModelDelegate.swift */; };
		599F495D249835A00057DDCB /* MockProductsViewModel.swift in Sources */ = {isa = PBXBuildFile; fileRef = 599F495C249835A00057DDCB /* MockProductsViewModel.swift */; };
		599F495F249836000057DDCB /* ProductsViewModelProtocol.swift in Sources */ = {isa = PBXBuildFile; fileRef = 599F495E249836000057DDCB /* ProductsViewModelProtocol.swift */; };
		599F4965249851DD0057DDCB /* OnboardingUITests.swift in Sources */ = {isa = PBXBuildFile; fileRef = 599F4964249851DD0057DDCB /* OnboardingUITests.swift */; };
		59D072ED2498C19800C388E4 /* ShoppingBasketViewModelProtocol.swift in Sources */ = {isa = PBXBuildFile; fileRef = 59D072EC2498C19800C388E4 /* ShoppingBasketViewModelProtocol.swift */; };
		59D072F32498C37200C388E4 /* MockShoppingBasketViewModel.swift in Sources */ = {isa = PBXBuildFile; fileRef = 59D072F22498C37200C388E4 /* MockShoppingBasketViewModel.swift */; };
		59EBCB832497930900EF58AC /* ProductsViewController.swift in Sources */ = {isa = PBXBuildFile; fileRef = 59EBCB822497930900EF58AC /* ProductsViewController.swift */; };
		59EBCB85249793B100EF58AC /* ProductsViewModel.swift in Sources */ = {isa = PBXBuildFile; fileRef = 59EBCB84249793B100EF58AC /* ProductsViewModel.swift */; };
		59EBCB882497B13000EF58AC /* ProductsTableViewCell.swift in Sources */ = {isa = PBXBuildFile; fileRef = 59EBCB872497B13000EF58AC /* ProductsTableViewCell.swift */; };
		59EBCB8C2497C0B600EF58AC /* ProductsViewControllerTableViewDelegate.swift in Sources */ = {isa = PBXBuildFile; fileRef = 59EBCB8B2497C0B600EF58AC /* ProductsViewControllerTableViewDelegate.swift */; };
		59EBCB8E2497C0F800EF58AC /* ProductsViewControllerTableViewDataSource.swift in Sources */ = {isa = PBXBuildFile; fileRef = 59EBCB8D2497C0F800EF58AC /* ProductsViewControllerTableViewDataSource.swift */; };
		5ADBC169DB6F150B4450AE86 /* Pods_EasyShopperTests.framework in Frameworks */ = {isa = PBXBuildFile; fileRef = F5FD6C5258E33D3B8A09DA16 /* Pods_EasyShopperTests.framework */; };
/* End PBXBuildFile section */

/* Begin PBXContainerItemProxy section */
		5907B3A9249762BE00C2D0EA /* PBXContainerItemProxy */ = {
			isa = PBXContainerItemProxy;
			containerPortal = 317447892492AE7000862E28 /* Project object */;
			proxyType = 1;
			remoteGlobalIDString = 317447902492AE7000862E28;
			remoteInfo = EasyShopper;
		};
		5977C51C2494FAF20009D224 /* PBXContainerItemProxy */ = {
			isa = PBXContainerItemProxy;
			containerPortal = 317447892492AE7000862E28 /* Project object */;
			proxyType = 1;
			remoteGlobalIDString = 317447902492AE7000862E28;
			remoteInfo = EasyShopper;
		};
/* End PBXContainerItemProxy section */

/* Begin PBXFileReference section */
		317447912492AE7000862E28 /* EasyShopper.app */ = {isa = PBXFileReference; explicitFileType = wrapper.application; includeInIndex = 0; path = EasyShopper.app; sourceTree = BUILT_PRODUCTS_DIR; };
		317447942492AE7000862E28 /* AppDelegate.swift */ = {isa = PBXFileReference; lastKnownFileType = sourcecode.swift; path = AppDelegate.swift; sourceTree = "<group>"; };
		317447962492AE7000862E28 /* SceneDelegate.swift */ = {isa = PBXFileReference; lastKnownFileType = sourcecode.swift; path = SceneDelegate.swift; sourceTree = "<group>"; };
		3174479B2492AE7000862E28 /* Base */ = {isa = PBXFileReference; lastKnownFileType = file.storyboard; name = Base; path = Base.lproj/Main.storyboard; sourceTree = "<group>"; };
		3174479D2492AE7200862E28 /* Assets.xcassets */ = {isa = PBXFileReference; lastKnownFileType = folder.assetcatalog; path = Assets.xcassets; sourceTree = "<group>"; };
		317447A02492AE7200862E28 /* Base */ = {isa = PBXFileReference; lastKnownFileType = file.storyboard; name = Base; path = Base.lproj/LaunchScreen.storyboard; sourceTree = "<group>"; };
		317447A22492AE7200862E28 /* Info.plist */ = {isa = PBXFileReference; lastKnownFileType = text.plist.xml; path = Info.plist; sourceTree = "<group>"; };
		317447A92492AEAA00862E28 /* NetworkServiceMock.swift */ = {isa = PBXFileReference; lastKnownFileType = sourcecode.swift; path = NetworkServiceMock.swift; sourceTree = "<group>"; };
		317447AB2492AEE500862E28 /* DemoData.swift */ = {isa = PBXFileReference; lastKnownFileType = sourcecode.swift; path = DemoData.swift; sourceTree = "<group>"; };
		317447AE2492B6DC00862E28 /* Product.swift */ = {isa = PBXFileReference; lastKnownFileType = sourcecode.swift; path = Product.swift; sourceTree = "<group>"; };
		317447B02492B78A00862E28 /* ShoppingBasket.swift */ = {isa = PBXFileReference; lastKnownFileType = sourcecode.swift; path = ShoppingBasket.swift; sourceTree = "<group>"; };
		41055EE9B358D1FC7F3E94E3 /* Pods-EasyShopper.release.xcconfig */ = {isa = PBXFileReference; includeInIndex = 1; lastKnownFileType = text.xcconfig; name = "Pods-EasyShopper.release.xcconfig"; path = "Target Support Files/Pods-EasyShopper/Pods-EasyShopper.release.xcconfig"; sourceTree = "<group>"; };
		531761C03C9136637E15B150 /* Pods-EasyShopperTests.debug.xcconfig */ = {isa = PBXFileReference; includeInIndex = 1; lastKnownFileType = text.xcconfig; name = "Pods-EasyShopperTests.debug.xcconfig"; path = "Target Support Files/Pods-EasyShopperTests/Pods-EasyShopperTests.debug.xcconfig"; sourceTree = "<group>"; };
		5907B396249753A400C2D0EA /* ShoppingBasketViewModelTest.swift */ = {isa = PBXFileReference; lastKnownFileType = sourcecode.swift; path = ShoppingBasketViewModelTest.swift; sourceTree = "<group>"; };
		5907B39A249756FA00C2D0EA /* MockShoppingBasketViewModelDelegate.swift */ = {isa = PBXFileReference; lastKnownFileType = sourcecode.swift; path = MockShoppingBasketViewModelDelegate.swift; sourceTree = "<group>"; };
		5907B39C249759B300C2D0EA /* Stubbable.swift */ = {isa = PBXFileReference; lastKnownFileType = sourcecode.swift; path = Stubbable.swift; sourceTree = "<group>"; };
		5907B39E24975A1300C2D0EA /* Product+Extension.swift */ = {isa = PBXFileReference; lastKnownFileType = sourcecode.swift; path = "Product+Extension.swift"; sourceTree = "<group>"; };
		5907B3A4249762BE00C2D0EA /* EasyShopperUITests.xctest */ = {isa = PBXFileReference; explicitFileType = wrapper.cfbundle; includeInIndex = 0; path = EasyShopperUITests.xctest; sourceTree = BUILT_PRODUCTS_DIR; };
		5907B3A8249762BE00C2D0EA /* Info.plist */ = {isa = PBXFileReference; lastKnownFileType = text.plist.xml; path = Info.plist; sourceTree = "<group>"; };
		5907B3B1249763A900C2D0EA /* XCUIApplication+Extensions.swift */ = {isa = PBXFileReference; lastKnownFileType = sourcecode.swift; path = "XCUIApplication+Extensions.swift"; sourceTree = "<group>"; };
		592E5D6C24955737004BB3E5 /* ShoppingBasketViewController.swift */ = {isa = PBXFileReference; lastKnownFileType = sourcecode.swift; path = ShoppingBasketViewController.swift; sourceTree = "<group>"; };
		592E5D6F2495661E004BB3E5 /* ShoppingBasketTableViewCell.swift */ = {isa = PBXFileReference; lastKnownFileType = sourcecode.swift; path = ShoppingBasketTableViewCell.swift; sourceTree = "<group>"; };
		592E5D7224956ED4004BB3E5 /* ShoppingBasketViewModel.swift */ = {isa = PBXFileReference; lastKnownFileType = sourcecode.swift; path = ShoppingBasketViewModel.swift; sourceTree = "<group>"; };
		593556C72498F50800F16535 /* URLSession+dataTask.swift */ = {isa = PBXFileReference; lastKnownFileType = sourcecode.swift; path = "URLSession+dataTask.swift"; sourceTree = "<group>"; };
		593556C92498F7DD00F16535 /* MockNetworkSession.swift */ = {isa = PBXFileReference; lastKnownFileType = sourcecode.swift; path = MockNetworkSession.swift; sourceTree = "<group>"; };
		593CF9A1249629E600DA498D /* ShoppingBasketViewControllerDataSource.swift */ = {isa = PBXFileReference; lastKnownFileType = sourcecode.swift; path = ShoppingBasketViewControllerDataSource.swift; sourceTree = "<group>"; };
		593CF9A424962C7F00DA498D /* KachingTheme.swift */ = {isa = PBXFileReference; lastKnownFileType = sourcecode.swift; path = KachingTheme.swift; sourceTree = "<group>"; };
		596AA39DC04D6401FEB3DA84 /* Pods_EasyShopper.framework */ = {isa = PBXFileReference; explicitFileType = wrapper.framework; includeInIndex = 0; path = Pods_EasyShopper.framework; sourceTree = BUILT_PRODUCTS_DIR; };
		5977C5082494AA7D0009D224 /* MockyRestClient.swift */ = {isa = PBXFileReference; lastKnownFileType = sourcecode.swift; path = MockyRestClient.swift; sourceTree = "<group>"; };
		5977C50A2494B3140009D224 /* NetworkResponseError.swift */ = {isa = PBXFileReference; lastKnownFileType = sourcecode.swift; path = NetworkResponseError.swift; sourceTree = "<group>"; };
		5977C50D2494C8C80009D224 /* HTTPURLResponse+StatusCode.swift */ = {isa = PBXFileReference; lastKnownFileType = sourcecode.swift; path = "HTTPURLResponse+StatusCode.swift"; sourceTree = "<group>"; };
		5977C50F2494C8F60009D224 /* UIViewController+Present.swift */ = {isa = PBXFileReference; lastKnownFileType = sourcecode.swift; path = "UIViewController+Present.swift"; sourceTree = "<group>"; };
		5977C5172494FAF20009D224 /* EasyShopperTests.xctest */ = {isa = PBXFileReference; explicitFileType = wrapper.cfbundle; includeInIndex = 0; path = EasyShopperTests.xctest; sourceTree = BUILT_PRODUCTS_DIR; };
		5977C51B2494FAF20009D224 /* Info.plist */ = {isa = PBXFileReference; lastKnownFileType = text.plist.xml; path = Info.plist; sourceTree = "<group>"; };
		5977C5212494FBD00009D224 /* MockyRestClientTest.swift */ = {isa = PBXFileReference; lastKnownFileType = sourcecode.swift; path = MockyRestClientTest.swift; sourceTree = "<group>"; };
		5977C525249504820009D224 /* APIRequestLoader.swift */ = {isa = PBXFileReference; lastKnownFileType = sourcecode.swift; path = APIRequestLoader.swift; sourceTree = "<group>"; };
		5977C52C249512490009D224 /* NetworkingUnitTestTests.swift */ = {isa = PBXFileReference; lastKnownFileType = sourcecode.swift; path = NetworkingUnitTestTests.swift; sourceTree = "<group>"; };
		599F495824982E720057DDCB /* ProductsViewModelTest.swift */ = {isa = PBXFileReference; lastKnownFileType = sourcecode.swift; path = ProductsViewModelTest.swift; sourceTree = "<group>"; };
		599F495A24982ECB0057DDCB /* MockProductsViewModelDelegate.swift */ = {isa = PBXFileReference; lastKnownFileType = sourcecode.swift; path = MockProductsViewModelDelegate.swift; sourceTree = "<group>"; };
		599F495C249835A00057DDCB /* MockProductsViewModel.swift */ = {isa = PBXFileReference; lastKnownFileType = sourcecode.swift; path = MockProductsViewModel.swift; sourceTree = "<group>"; };
		599F495E249836000057DDCB /* ProductsViewModelProtocol.swift */ = {isa = PBXFileReference; lastKnownFileType = sourcecode.swift; path = ProductsViewModelProtocol.swift; sourceTree = "<group>"; };
		599F4964249851DD0057DDCB /* OnboardingUITests.swift */ = {isa = PBXFileReference; lastKnownFileType = sourcecode.swift; path = OnboardingUITests.swift; sourceTree = "<group>"; };
		59D072EC2498C19800C388E4 /* ShoppingBasketViewModelProtocol.swift */ = {isa = PBXFileReference; lastKnownFileType = sourcecode.swift; path = ShoppingBasketViewModelProtocol.swift; sourceTree = "<group>"; };
		59D072F22498C37200C388E4 /* MockShoppingBasketViewModel.swift */ = {isa = PBXFileReference; lastKnownFileType = sourcecode.swift; path = MockShoppingBasketViewModel.swift; sourceTree = "<group>"; };
		59EBCB822497930900EF58AC /* ProductsViewController.swift */ = {isa = PBXFileReference; lastKnownFileType = sourcecode.swift; path = ProductsViewController.swift; sourceTree = "<group>"; };
		59EBCB84249793B100EF58AC /* ProductsViewModel.swift */ = {isa = PBXFileReference; lastKnownFileType = sourcecode.swift; path = ProductsViewModel.swift; sourceTree = "<group>"; };
		59EBCB872497B13000EF58AC /* ProductsTableViewCell.swift */ = {isa = PBXFileReference; lastKnownFileType = sourcecode.swift; path = ProductsTableViewCell.swift; sourceTree = "<group>"; };
		59EBCB8B2497C0B600EF58AC /* ProductsViewControllerTableViewDelegate.swift */ = {isa = PBXFileReference; lastKnownFileType = sourcecode.swift; path = ProductsViewControllerTableViewDelegate.swift; sourceTree = "<group>"; };
		59EBCB8D2497C0F800EF58AC /* ProductsViewControllerTableViewDataSource.swift */ = {isa = PBXFileReference; lastKnownFileType = sourcecode.swift; path = ProductsViewControllerTableViewDataSource.swift; sourceTree = "<group>"; };
		AECE03F869A6EB53F766D167 /* Pods-EasyShopper.debug.xcconfig */ = {isa = PBXFileReference; includeInIndex = 1; lastKnownFileType = text.xcconfig; name = "Pods-EasyShopper.debug.xcconfig"; path = "Target Support Files/Pods-EasyShopper/Pods-EasyShopper.debug.xcconfig"; sourceTree = "<group>"; };
		D9D1DFB0CF601C27B6C29556 /* Pods-EasyShopperTests.release.xcconfig */ = {isa = PBXFileReference; includeInIndex = 1; lastKnownFileType = text.xcconfig; name = "Pods-EasyShopperTests.release.xcconfig"; path = "Target Support Files/Pods-EasyShopperTests/Pods-EasyShopperTests.release.xcconfig"; sourceTree = "<group>"; };
		F5FD6C5258E33D3B8A09DA16 /* Pods_EasyShopperTests.framework */ = {isa = PBXFileReference; explicitFileType = wrapper.framework; includeInIndex = 0; path = Pods_EasyShopperTests.framework; sourceTree = BUILT_PRODUCTS_DIR; };
/* End PBXFileReference section */

/* Begin PBXFrameworksBuildPhase section */
		3174478E2492AE7000862E28 /* Frameworks */ = {
			isa = PBXFrameworksBuildPhase;
			buildActionMask = 2147483647;
			files = (
				4F036884B600DAA1EB1D8FF5 /* Pods_EasyShopper.framework in Frameworks */,
			);
			runOnlyForDeploymentPostprocessing = 0;
		};
		5907B3A1249762BE00C2D0EA /* Frameworks */ = {
			isa = PBXFrameworksBuildPhase;
			buildActionMask = 2147483647;
			files = (
			);
			runOnlyForDeploymentPostprocessing = 0;
		};
		5977C5142494FAF20009D224 /* Frameworks */ = {
			isa = PBXFrameworksBuildPhase;
			buildActionMask = 2147483647;
			files = (
				5ADBC169DB6F150B4450AE86 /* Pods_EasyShopperTests.framework in Frameworks */,
			);
			runOnlyForDeploymentPostprocessing = 0;
		};
/* End PBXFrameworksBuildPhase section */

/* Begin PBXGroup section */
		317447882492AE7000862E28 = {
			isa = PBXGroup;
			children = (
				317447932492AE7000862E28 /* EasyShopper */,
				5977C5182494FAF20009D224 /* EasyShopperTests */,
				5907B3A5249762BE00C2D0EA /* EasyShopperUITests */,
				317447922492AE7000862E28 /* Products */,
				961AAC2657D92CD6CB690E9A /* Pods */,
				564CB22610E3EF5BCCD81443 /* Frameworks */,
			);
			sourceTree = "<group>";
		};
		317447922492AE7000862E28 /* Products */ = {
			isa = PBXGroup;
			children = (
				317447912492AE7000862E28 /* EasyShopper.app */,
				5977C5172494FAF20009D224 /* EasyShopperTests.xctest */,
				5907B3A4249762BE00C2D0EA /* EasyShopperUITests.xctest */,
			);
			name = Products;
			sourceTree = "<group>";
		};
		317447932492AE7000862E28 /* EasyShopper */ = {
			isa = PBXGroup;
			children = (
				593CF9A324962C6700DA498D /* Constants */,
				592E5D7124956E48004BB3E5 /* ViewModels */,
				592E5D6E249565D3004BB3E5 /* Views */,
				592E5D6B249556F1004BB3E5 /* Controllers */,
				5977C50C2494C89E0009D224 /* Extensions */,
				5977C5072494A9900009D224 /* Networking */,
				317447AD2492B6C600862E28 /* Models */,
				317447A82492AE8E00862E28 /* DemoData */,
				317447942492AE7000862E28 /* AppDelegate.swift */,
				317447962492AE7000862E28 /* SceneDelegate.swift */,
				3174479D2492AE7200862E28 /* Assets.xcassets */,
				3174479F2492AE7200862E28 /* LaunchScreen.storyboard */,
				317447A22492AE7200862E28 /* Info.plist */,
			);
			path = EasyShopper;
			sourceTree = "<group>";
		};
		317447A82492AE8E00862E28 /* DemoData */ = {
			isa = PBXGroup;
			children = (
				317447A92492AEAA00862E28 /* NetworkServiceMock.swift */,
				317447AB2492AEE500862E28 /* DemoData.swift */,
			);
			path = DemoData;
			sourceTree = "<group>";
		};
		317447AD2492B6C600862E28 /* Models */ = {
			isa = PBXGroup;
			children = (
				317447AE2492B6DC00862E28 /* Product.swift */,
				317447B02492B78A00862E28 /* ShoppingBasket.swift */,
			);
			path = Models;
			sourceTree = "<group>";
		};
		564CB22610E3EF5BCCD81443 /* Frameworks */ = {
			isa = PBXGroup;
			children = (
				596AA39DC04D6401FEB3DA84 /* Pods_EasyShopper.framework */,
				F5FD6C5258E33D3B8A09DA16 /* Pods_EasyShopperTests.framework */,
			);
			name = Frameworks;
			sourceTree = "<group>";
		};
		5907B3A5249762BE00C2D0EA /* EasyShopperUITests */ = {
			isa = PBXGroup;
			children = (
				5907B3AE2497637700C2D0EA /* Mocks */,
				5907B3A8249762BE00C2D0EA /* Info.plist */,
				599F4964249851DD0057DDCB /* OnboardingUITests.swift */,
			);
			path = EasyShopperUITests;
			sourceTree = "<group>";
		};
		5907B3AE2497637700C2D0EA /* Mocks */ = {
			isa = PBXGroup;
			children = (
				5907B3B1249763A900C2D0EA /* XCUIApplication+Extensions.swift */,
			);
			path = Mocks;
			sourceTree = "<group>";
		};
		592E5D6B249556F1004BB3E5 /* Controllers */ = {
			isa = PBXGroup;
			children = (
				592E5D6C24955737004BB3E5 /* ShoppingBasketViewController.swift */,
				59EBCB822497930900EF58AC /* ProductsViewController.swift */,
			);
			path = Controllers;
			sourceTree = "<group>";
		};
		592E5D6E249565D3004BB3E5 /* Views */ = {
			isa = PBXGroup;
			children = (
				3174479A2492AE7000862E28 /* Main.storyboard */,
				592E5D6F2495661E004BB3E5 /* ShoppingBasketTableViewCell.swift */,
				59EBCB872497B13000EF58AC /* ProductsTableViewCell.swift */,
			);
			path = Views;
			sourceTree = "<group>";
		};
		592E5D7124956E48004BB3E5 /* ViewModels */ = {
			isa = PBXGroup;
			children = (
				59EBCB86249793C300EF58AC /* ProductsTableView */,
				593CF9A02496297A00DA498D /* ShoppingBasketTableView */,
				592E5D7224956ED4004BB3E5 /* ShoppingBasketViewModel.swift */,
				59EBCB84249793B100EF58AC /* ProductsViewModel.swift */,
				599F495E249836000057DDCB /* ProductsViewModelProtocol.swift */,
				59D072EC2498C19800C388E4 /* ShoppingBasketViewModelProtocol.swift */,
			);
			path = ViewModels;
			sourceTree = "<group>";
		};
		593CF9A02496297A00DA498D /* ShoppingBasketTableView */ = {
			isa = PBXGroup;
			children = (
				593CF9A1249629E600DA498D /* ShoppingBasketViewControllerDataSource.swift */,
			);
			path = ShoppingBasketTableView;
			sourceTree = "<group>";
		};
		593CF9A324962C6700DA498D /* Constants */ = {
			isa = PBXGroup;
			children = (
				593CF9A424962C7F00DA498D /* KachingTheme.swift */,
			);
			path = Constants;
			sourceTree = "<group>";
		};
		5977C5072494A9900009D224 /* Networking */ = {
			isa = PBXGroup;
			children = (
				5977C5082494AA7D0009D224 /* MockyRestClient.swift */,
				5977C50A2494B3140009D224 /* NetworkResponseError.swift */,
				5977C525249504820009D224 /* APIRequestLoader.swift */,
			);
			path = Networking;
			sourceTree = "<group>";
		};
		5977C50C2494C89E0009D224 /* Extensions */ = {
			isa = PBXGroup;
			children = (
				5977C50D2494C8C80009D224 /* HTTPURLResponse+StatusCode.swift */,
				5977C50F2494C8F60009D224 /* UIViewController+Present.swift */,
				593556C72498F50800F16535 /* URLSession+dataTask.swift */,
			);
			path = Extensions;
			sourceTree = "<group>";
		};
		5977C5182494FAF20009D224 /* EasyShopperTests */ = {
			isa = PBXGroup;
			children = (
				5977C52724950CCD0009D224 /* Mocks */,
				5977C51B2494FAF20009D224 /* Info.plist */,
				5977C5212494FBD00009D224 /* MockyRestClientTest.swift */,
				5977C52C249512490009D224 /* NetworkingUnitTestTests.swift */,
				5907B396249753A400C2D0EA /* ShoppingBasketViewModelTest.swift */,
				599F495824982E720057DDCB /* ProductsViewModelTest.swift */,
			);
			path = EasyShopperTests;
			sourceTree = "<group>";
		};
		5977C52724950CCD0009D224 /* Mocks */ = {
			isa = PBXGroup;
			children = (
				5907B39A249756FA00C2D0EA /* MockShoppingBasketViewModelDelegate.swift */,
				5907B39C249759B300C2D0EA /* Stubbable.swift */,
				5907B39E24975A1300C2D0EA /* Product+Extension.swift */,
				599F495A24982ECB0057DDCB /* MockProductsViewModelDelegate.swift */,
				599F495C249835A00057DDCB /* MockProductsViewModel.swift */,
				59D072F22498C37200C388E4 /* MockShoppingBasketViewModel.swift */,
				593556C92498F7DD00F16535 /* MockNetworkSession.swift */,
			);
			path = Mocks;
			sourceTree = "<group>";
		};
		59EBCB86249793C300EF58AC /* ProductsTableView */ = {
			isa = PBXGroup;
			children = (
				59EBCB8B2497C0B600EF58AC /* ProductsViewControllerTableViewDelegate.swift */,
				59EBCB8D2497C0F800EF58AC /* ProductsViewControllerTableViewDataSource.swift */,
			);
			path = ProductsTableView;
			sourceTree = "<group>";
		};
		961AAC2657D92CD6CB690E9A /* Pods */ = {
			isa = PBXGroup;
			children = (
				AECE03F869A6EB53F766D167 /* Pods-EasyShopper.debug.xcconfig */,
				41055EE9B358D1FC7F3E94E3 /* Pods-EasyShopper.release.xcconfig */,
				531761C03C9136637E15B150 /* Pods-EasyShopperTests.debug.xcconfig */,
				D9D1DFB0CF601C27B6C29556 /* Pods-EasyShopperTests.release.xcconfig */,
			);
			path = Pods;
			sourceTree = "<group>";
		};
/* End PBXGroup section */

/* Begin PBXNativeTarget section */
		317447902492AE7000862E28 /* EasyShopper */ = {
			isa = PBXNativeTarget;
			buildConfigurationList = 317447A52492AE7200862E28 /* Build configuration list for PBXNativeTarget "EasyShopper" */;
			buildPhases = (
				48F0CC2FC94EE20FB0CBFCBE /* [CP] Check Pods Manifest.lock */,
				3174478D2492AE7000862E28 /* Sources */,
				3174478E2492AE7000862E28 /* Frameworks */,
				3174478F2492AE7000862E28 /* Resources */,
				4691370925C405471A0DD6F4 /* [CP] Embed Pods Frameworks */,
			);
			buildRules = (
			);
			dependencies = (
			);
			name = EasyShopper;
			productName = EasyShopper;
			productReference = 317447912492AE7000862E28 /* EasyShopper.app */;
			productType = "com.apple.product-type.application";
		};
		5907B3A3249762BE00C2D0EA /* EasyShopperUITests */ = {
			isa = PBXNativeTarget;
			buildConfigurationList = 5907B3AB249762BE00C2D0EA /* Build configuration list for PBXNativeTarget "EasyShopperUITests" */;
			buildPhases = (
				5907B3A0249762BE00C2D0EA /* Sources */,
				5907B3A1249762BE00C2D0EA /* Frameworks */,
				5907B3A2249762BE00C2D0EA /* Resources */,
			);
			buildRules = (
			);
			dependencies = (
				5907B3AA249762BE00C2D0EA /* PBXTargetDependency */,
			);
			name = EasyShopperUITests;
			productName = EasyShopperUITests;
			productReference = 5907B3A4249762BE00C2D0EA /* EasyShopperUITests.xctest */;
			productType = "com.apple.product-type.bundle.ui-testing";
		};
		5977C5162494FAF20009D224 /* EasyShopperTests */ = {
			isa = PBXNativeTarget;
			buildConfigurationList = 5977C5202494FAF20009D224 /* Build configuration list for PBXNativeTarget "EasyShopperTests" */;
			buildPhases = (
				61CCEBF3AA7A09BFFD1CC732 /* [CP] Check Pods Manifest.lock */,
				5977C5132494FAF20009D224 /* Sources */,
				5977C5142494FAF20009D224 /* Frameworks */,
				5977C5152494FAF20009D224 /* Resources */,
			);
			buildRules = (
			);
			dependencies = (
				5977C51D2494FAF20009D224 /* PBXTargetDependency */,
			);
			name = EasyShopperTests;
			productName = EasyShopperTests;
			productReference = 5977C5172494FAF20009D224 /* EasyShopperTests.xctest */;
			productType = "com.apple.product-type.bundle.unit-test";
		};
/* End PBXNativeTarget section */

/* Begin PBXProject section */
		317447892492AE7000862E28 /* Project object */ = {
			isa = PBXProject;
			attributes = {
				LastSwiftUpdateCheck = 1130;
				LastUpgradeCheck = 1150;
				ORGANIZATIONNAME = "Ka-ching";
				TargetAttributes = {
					317447902492AE7000862E28 = {
						CreatedOnToolsVersion = 11.5;
					};
					5907B3A3249762BE00C2D0EA = {
						CreatedOnToolsVersion = 11.3;
						TestTargetID = 317447902492AE7000862E28;
					};
					5977C5162494FAF20009D224 = {
						CreatedOnToolsVersion = 11.3;
						TestTargetID = 317447902492AE7000862E28;
					};
				};
			};
			buildConfigurationList = 3174478C2492AE7000862E28 /* Build configuration list for PBXProject "EasyShopper" */;
			compatibilityVersion = "Xcode 9.3";
			developmentRegion = en;
			hasScannedForEncodings = 0;
			knownRegions = (
				en,
				Base,
			);
			mainGroup = 317447882492AE7000862E28;
			productRefGroup = 317447922492AE7000862E28 /* Products */;
			projectDirPath = "";
			projectRoot = "";
			targets = (
				317447902492AE7000862E28 /* EasyShopper */,
				5977C5162494FAF20009D224 /* EasyShopperTests */,
				5907B3A3249762BE00C2D0EA /* EasyShopperUITests */,
			);
		};
/* End PBXProject section */

/* Begin PBXResourcesBuildPhase section */
		3174478F2492AE7000862E28 /* Resources */ = {
			isa = PBXResourcesBuildPhase;
			buildActionMask = 2147483647;
			files = (
				317447A12492AE7200862E28 /* LaunchScreen.storyboard in Resources */,
				3174479E2492AE7200862E28 /* Assets.xcassets in Resources */,
				3174479C2492AE7000862E28 /* Main.storyboard in Resources */,
			);
			runOnlyForDeploymentPostprocessing = 0;
		};
		5907B3A2249762BE00C2D0EA /* Resources */ = {
			isa = PBXResourcesBuildPhase;
			buildActionMask = 2147483647;
			files = (
			);
			runOnlyForDeploymentPostprocessing = 0;
		};
		5977C5152494FAF20009D224 /* Resources */ = {
			isa = PBXResourcesBuildPhase;
			buildActionMask = 2147483647;
			files = (
			);
			runOnlyForDeploymentPostprocessing = 0;
		};
/* End PBXResourcesBuildPhase section */

/* Begin PBXShellScriptBuildPhase section */
		4691370925C405471A0DD6F4 /* [CP] Embed Pods Frameworks */ = {
			isa = PBXShellScriptBuildPhase;
			buildActionMask = 2147483647;
			files = (
			);
			inputFileListPaths = (
				"${PODS_ROOT}/Target Support Files/Pods-EasyShopper/Pods-EasyShopper-frameworks-${CONFIGURATION}-input-files.xcfilelist",
			);
			name = "[CP] Embed Pods Frameworks";
			outputFileListPaths = (
				"${PODS_ROOT}/Target Support Files/Pods-EasyShopper/Pods-EasyShopper-frameworks-${CONFIGURATION}-output-files.xcfilelist",
			);
			runOnlyForDeploymentPostprocessing = 0;
			shellPath = /bin/sh;
			shellScript = "\"${PODS_ROOT}/Target Support Files/Pods-EasyShopper/Pods-EasyShopper-frameworks.sh\"\n";
			showEnvVarsInLog = 0;
		};
		48F0CC2FC94EE20FB0CBFCBE /* [CP] Check Pods Manifest.lock */ = {
			isa = PBXShellScriptBuildPhase;
			buildActionMask = 2147483647;
			files = (
			);
			inputFileListPaths = (
			);
			inputPaths = (
				"${PODS_PODFILE_DIR_PATH}/Podfile.lock",
				"${PODS_ROOT}/Manifest.lock",
			);
			name = "[CP] Check Pods Manifest.lock";
			outputFileListPaths = (
			);
			outputPaths = (
				"$(DERIVED_FILE_DIR)/Pods-EasyShopper-checkManifestLockResult.txt",
			);
			runOnlyForDeploymentPostprocessing = 0;
			shellPath = /bin/sh;
			shellScript = "diff \"${PODS_PODFILE_DIR_PATH}/Podfile.lock\" \"${PODS_ROOT}/Manifest.lock\" > /dev/null\nif [ $? != 0 ] ; then\n    # print error to STDERR\n    echo \"error: The sandbox is not in sync with the Podfile.lock. Run 'pod install' or update your CocoaPods installation.\" >&2\n    exit 1\nfi\n# This output is used by Xcode 'outputs' to avoid re-running this script phase.\necho \"SUCCESS\" > \"${SCRIPT_OUTPUT_FILE_0}\"\n";
			showEnvVarsInLog = 0;
		};
		61CCEBF3AA7A09BFFD1CC732 /* [CP] Check Pods Manifest.lock */ = {
			isa = PBXShellScriptBuildPhase;
			buildActionMask = 2147483647;
			files = (
			);
			inputFileListPaths = (
			);
			inputPaths = (
				"${PODS_PODFILE_DIR_PATH}/Podfile.lock",
				"${PODS_ROOT}/Manifest.lock",
			);
			name = "[CP] Check Pods Manifest.lock";
			outputFileListPaths = (
			);
			outputPaths = (
				"$(DERIVED_FILE_DIR)/Pods-EasyShopperTests-checkManifestLockResult.txt",
			);
			runOnlyForDeploymentPostprocessing = 0;
			shellPath = /bin/sh;
			shellScript = "diff \"${PODS_PODFILE_DIR_PATH}/Podfile.lock\" \"${PODS_ROOT}/Manifest.lock\" > /dev/null\nif [ $? != 0 ] ; then\n    # print error to STDERR\n    echo \"error: The sandbox is not in sync with the Podfile.lock. Run 'pod install' or update your CocoaPods installation.\" >&2\n    exit 1\nfi\n# This output is used by Xcode 'outputs' to avoid re-running this script phase.\necho \"SUCCESS\" > \"${SCRIPT_OUTPUT_FILE_0}\"\n";
			showEnvVarsInLog = 0;
		};
/* End PBXShellScriptBuildPhase section */

/* Begin PBXSourcesBuildPhase section */
		3174478D2492AE7000862E28 /* Sources */ = {
			isa = PBXSourcesBuildPhase;
			buildActionMask = 2147483647;
			files = (
				59EBCB85249793B100EF58AC /* ProductsViewModel.swift in Sources */,
				5977C526249504820009D224 /* APIRequestLoader.swift in Sources */,
				59EBCB832497930900EF58AC /* ProductsViewController.swift in Sources */,
				592E5D702495661E004BB3E5 /* ShoppingBasketTableViewCell.swift in Sources */,
				592E5D7324956ED4004BB3E5 /* ShoppingBasketViewModel.swift in Sources */,
				59EBCB882497B13000EF58AC /* ProductsTableViewCell.swift in Sources */,
				593CF9A2249629E600DA498D /* ShoppingBasketViewControllerDataSource.swift in Sources */,
				5977C50B2494B3140009D224 /* NetworkResponseError.swift in Sources */,
				5977C5092494AA7D0009D224 /* MockyRestClient.swift in Sources */,
				59EBCB8C2497C0B600EF58AC /* ProductsViewControllerTableViewDelegate.swift in Sources */,
				5977C50E2494C8C80009D224 /* HTTPURLResponse+StatusCode.swift in Sources */,
				593556C82498F50800F16535 /* URLSession+dataTask.swift in Sources */,
				592E5D6D24955737004BB3E5 /* ShoppingBasketViewController.swift in Sources */,
				593CF9A524962C7F00DA498D /* KachingTheme.swift in Sources */,
				317447AA2492AEAA00862E28 /* NetworkServiceMock.swift in Sources */,
				317447952492AE7000862E28 /* AppDelegate.swift in Sources */,
				5977C5102494C8F60009D224 /* UIViewController+Present.swift in Sources */,
				317447B12492B78A00862E28 /* ShoppingBasket.swift in Sources */,
				59EBCB8E2497C0F800EF58AC /* ProductsViewControllerTableViewDataSource.swift in Sources */,
				59D072ED2498C19800C388E4 /* ShoppingBasketViewModelProtocol.swift in Sources */,
				317447972492AE7000862E28 /* SceneDelegate.swift in Sources */,
				317447AC2492AEE500862E28 /* DemoData.swift in Sources */,
				599F495F249836000057DDCB /* ProductsViewModelProtocol.swift in Sources */,
				317447AF2492B6DC00862E28 /* Product.swift in Sources */,
			);
			runOnlyForDeploymentPostprocessing = 0;
		};
		5907B3A0249762BE00C2D0EA /* Sources */ = {
			isa = PBXSourcesBuildPhase;
			buildActionMask = 2147483647;
			files = (
				599F4965249851DD0057DDCB /* OnboardingUITests.swift in Sources */,
				5907B3B2249763A900C2D0EA /* XCUIApplication+Extensions.swift in Sources */,
			);
			runOnlyForDeploymentPostprocessing = 0;
		};
		5977C5132494FAF20009D224 /* Sources */ = {
			isa = PBXSourcesBuildPhase;
			buildActionMask = 2147483647;
			files = (
				5907B39D249759B300C2D0EA /* Stubbable.swift in Sources */,
				5977C5222494FBD00009D224 /* MockyRestClientTest.swift in Sources */,
				5907B397249753A400C2D0EA /* ShoppingBasketViewModelTest.swift in Sources */,
				5907B39F24975A1300C2D0EA /* Product+Extension.swift in Sources */,
				5977C52D249512490009D224 /* NetworkingUnitTestTests.swift in Sources */,
				599F495D249835A00057DDCB /* MockProductsViewModel.swift in Sources */,
				593556CA2498F7DD00F16535 /* MockNetworkSession.swift in Sources */,
				599F495B24982ECB0057DDCB /* MockProductsViewModelDelegate.swift in Sources */,
				599F495924982E720057DDCB /* ProductsViewModelTest.swift in Sources */,
				5907B39B249756FA00C2D0EA /* MockShoppingBasketViewModelDelegate.swift in Sources */,
				59D072F32498C37200C388E4 /* MockShoppingBasketViewModel.swift in Sources */,
			);
			runOnlyForDeploymentPostprocessing = 0;
		};
/* End PBXSourcesBuildPhase section */

/* Begin PBXTargetDependency section */
		5907B3AA249762BE00C2D0EA /* PBXTargetDependency */ = {
			isa = PBXTargetDependency;
			target = 317447902492AE7000862E28 /* EasyShopper */;
			targetProxy = 5907B3A9249762BE00C2D0EA /* PBXContainerItemProxy */;
		};
		5977C51D2494FAF20009D224 /* PBXTargetDependency */ = {
			isa = PBXTargetDependency;
			target = 317447902492AE7000862E28 /* EasyShopper */;
			targetProxy = 5977C51C2494FAF20009D224 /* PBXContainerItemProxy */;
		};
/* End PBXTargetDependency section */

/* Begin PBXVariantGroup section */
		3174479A2492AE7000862E28 /* Main.storyboard */ = {
			isa = PBXVariantGroup;
			children = (
				3174479B2492AE7000862E28 /* Base */,
			);
			name = Main.storyboard;
			sourceTree = "<group>";
		};
		3174479F2492AE7200862E28 /* LaunchScreen.storyboard */ = {
			isa = PBXVariantGroup;
			children = (
				317447A02492AE7200862E28 /* Base */,
			);
			name = LaunchScreen.storyboard;
			sourceTree = "<group>";
		};
/* End PBXVariantGroup section */

/* Begin XCBuildConfiguration section */
		317447A32492AE7200862E28 /* Debug */ = {
			isa = XCBuildConfiguration;
			buildSettings = {
				ALWAYS_SEARCH_USER_PATHS = NO;
				CLANG_ANALYZER_NONNULL = YES;
				CLANG_ANALYZER_NUMBER_OBJECT_CONVERSION = YES_AGGRESSIVE;
				CLANG_CXX_LANGUAGE_STANDARD = "gnu++14";
				CLANG_CXX_LIBRARY = "libc++";
				CLANG_ENABLE_MODULES = YES;
				CLANG_ENABLE_OBJC_ARC = YES;
				CLANG_ENABLE_OBJC_WEAK = YES;
				CLANG_WARN_BLOCK_CAPTURE_AUTORELEASING = YES;
				CLANG_WARN_BOOL_CONVERSION = YES;
				CLANG_WARN_COMMA = YES;
				CLANG_WARN_CONSTANT_CONVERSION = YES;
				CLANG_WARN_DEPRECATED_OBJC_IMPLEMENTATIONS = YES;
				CLANG_WARN_DIRECT_OBJC_ISA_USAGE = YES_ERROR;
				CLANG_WARN_DOCUMENTATION_COMMENTS = YES;
				CLANG_WARN_EMPTY_BODY = YES;
				CLANG_WARN_ENUM_CONVERSION = YES;
				CLANG_WARN_INFINITE_RECURSION = YES;
				CLANG_WARN_INT_CONVERSION = YES;
				CLANG_WARN_NON_LITERAL_NULL_CONVERSION = YES;
				CLANG_WARN_OBJC_IMPLICIT_RETAIN_SELF = YES;
				CLANG_WARN_OBJC_LITERAL_CONVERSION = YES;
				CLANG_WARN_OBJC_ROOT_CLASS = YES_ERROR;
				CLANG_WARN_RANGE_LOOP_ANALYSIS = YES;
				CLANG_WARN_STRICT_PROTOTYPES = YES;
				CLANG_WARN_SUSPICIOUS_MOVE = YES;
				CLANG_WARN_UNGUARDED_AVAILABILITY = YES_AGGRESSIVE;
				CLANG_WARN_UNREACHABLE_CODE = YES;
				CLANG_WARN__DUPLICATE_METHOD_MATCH = YES;
				COPY_PHASE_STRIP = NO;
				DEBUG_INFORMATION_FORMAT = dwarf;
				ENABLE_STRICT_OBJC_MSGSEND = YES;
				ENABLE_TESTABILITY = YES;
				GCC_C_LANGUAGE_STANDARD = gnu11;
				GCC_DYNAMIC_NO_PIC = NO;
				GCC_NO_COMMON_BLOCKS = YES;
				GCC_OPTIMIZATION_LEVEL = 0;
				GCC_PREPROCESSOR_DEFINITIONS = (
					"DEBUG=1",
					"$(inherited)",
				);
				GCC_WARN_64_TO_32_BIT_CONVERSION = YES;
				GCC_WARN_ABOUT_RETURN_TYPE = YES_ERROR;
				GCC_WARN_UNDECLARED_SELECTOR = YES;
				GCC_WARN_UNINITIALIZED_AUTOS = YES_AGGRESSIVE;
				GCC_WARN_UNUSED_FUNCTION = YES;
				GCC_WARN_UNUSED_VARIABLE = YES;
				IPHONEOS_DEPLOYMENT_TARGET = 13.2;
				MTL_ENABLE_DEBUG_INFO = INCLUDE_SOURCE;
				MTL_FAST_MATH = YES;
				ONLY_ACTIVE_ARCH = YES;
				SDKROOT = iphoneos;
				SWIFT_ACTIVE_COMPILATION_CONDITIONS = DEBUG;
				SWIFT_OPTIMIZATION_LEVEL = "-Onone";
			};
			name = Debug;
		};
		317447A42492AE7200862E28 /* Release */ = {
			isa = XCBuildConfiguration;
			buildSettings = {
				ALWAYS_SEARCH_USER_PATHS = NO;
				CLANG_ANALYZER_NONNULL = YES;
				CLANG_ANALYZER_NUMBER_OBJECT_CONVERSION = YES_AGGRESSIVE;
				CLANG_CXX_LANGUAGE_STANDARD = "gnu++14";
				CLANG_CXX_LIBRARY = "libc++";
				CLANG_ENABLE_MODULES = YES;
				CLANG_ENABLE_OBJC_ARC = YES;
				CLANG_ENABLE_OBJC_WEAK = YES;
				CLANG_WARN_BLOCK_CAPTURE_AUTORELEASING = YES;
				CLANG_WARN_BOOL_CONVERSION = YES;
				CLANG_WARN_COMMA = YES;
				CLANG_WARN_CONSTANT_CONVERSION = YES;
				CLANG_WARN_DEPRECATED_OBJC_IMPLEMENTATIONS = YES;
				CLANG_WARN_DIRECT_OBJC_ISA_USAGE = YES_ERROR;
				CLANG_WARN_DOCUMENTATION_COMMENTS = YES;
				CLANG_WARN_EMPTY_BODY = YES;
				CLANG_WARN_ENUM_CONVERSION = YES;
				CLANG_WARN_INFINITE_RECURSION = YES;
				CLANG_WARN_INT_CONVERSION = YES;
				CLANG_WARN_NON_LITERAL_NULL_CONVERSION = YES;
				CLANG_WARN_OBJC_IMPLICIT_RETAIN_SELF = YES;
				CLANG_WARN_OBJC_LITERAL_CONVERSION = YES;
				CLANG_WARN_OBJC_ROOT_CLASS = YES_ERROR;
				CLANG_WARN_RANGE_LOOP_ANALYSIS = YES;
				CLANG_WARN_STRICT_PROTOTYPES = YES;
				CLANG_WARN_SUSPICIOUS_MOVE = YES;
				CLANG_WARN_UNGUARDED_AVAILABILITY = YES_AGGRESSIVE;
				CLANG_WARN_UNREACHABLE_CODE = YES;
				CLANG_WARN__DUPLICATE_METHOD_MATCH = YES;
				COPY_PHASE_STRIP = NO;
				DEBUG_INFORMATION_FORMAT = "dwarf-with-dsym";
				ENABLE_NS_ASSERTIONS = NO;
				ENABLE_STRICT_OBJC_MSGSEND = YES;
				GCC_C_LANGUAGE_STANDARD = gnu11;
				GCC_NO_COMMON_BLOCKS = YES;
				GCC_WARN_64_TO_32_BIT_CONVERSION = YES;
				GCC_WARN_ABOUT_RETURN_TYPE = YES_ERROR;
				GCC_WARN_UNDECLARED_SELECTOR = YES;
				GCC_WARN_UNINITIALIZED_AUTOS = YES_AGGRESSIVE;
				GCC_WARN_UNUSED_FUNCTION = YES;
				GCC_WARN_UNUSED_VARIABLE = YES;
				IPHONEOS_DEPLOYMENT_TARGET = 13.2;
				MTL_ENABLE_DEBUG_INFO = NO;
				MTL_FAST_MATH = YES;
				SDKROOT = iphoneos;
				SWIFT_COMPILATION_MODE = wholemodule;
				SWIFT_OPTIMIZATION_LEVEL = "-O";
				VALIDATE_PRODUCT = YES;
			};
			name = Release;
		};
		317447A62492AE7200862E28 /* Debug */ = {
			isa = XCBuildConfiguration;
			baseConfigurationReference = AECE03F869A6EB53F766D167 /* Pods-EasyShopper.debug.xcconfig */;
			buildSettings = {
				ASSETCATALOG_COMPILER_APPICON_NAME = AppIcon;
				CODE_SIGN_STYLE = Automatic;
				DEVELOPMENT_TEAM = 579JAP9YP6;
				INFOPLIST_FILE = EasyShopper/Info.plist;
				LD_RUNPATH_SEARCH_PATHS = (
					"$(inherited)",
					"@executable_path/Frameworks",
				);
				PRODUCT_BUNDLE_IDENTIFIER = "dk.ka-ching.EasyShopper";
				PRODUCT_NAME = "$(TARGET_NAME)";
				SWIFT_VERSION = 5.0;
				TARGETED_DEVICE_FAMILY = "1,2";
			};
			name = Debug;
		};
		317447A72492AE7200862E28 /* Release */ = {
			isa = XCBuildConfiguration;
			baseConfigurationReference = 41055EE9B358D1FC7F3E94E3 /* Pods-EasyShopper.release.xcconfig */;
			buildSettings = {
				ASSETCATALOG_COMPILER_APPICON_NAME = AppIcon;
				CODE_SIGN_STYLE = Automatic;
				DEVELOPMENT_TEAM = 579JAP9YP6;
				INFOPLIST_FILE = EasyShopper/Info.plist;
				LD_RUNPATH_SEARCH_PATHS = (
					"$(inherited)",
					"@executable_path/Frameworks",
				);
				PRODUCT_BUNDLE_IDENTIFIER = "dk.ka-ching.EasyShopper";
				PRODUCT_NAME = "$(TARGET_NAME)";
				SWIFT_VERSION = 5.0;
				TARGETED_DEVICE_FAMILY = "1,2";
			};
			name = Release;
		};
		5907B3AC249762BE00C2D0EA /* Debug */ = {
			isa = XCBuildConfiguration;
			buildSettings = {
				CODE_SIGN_STYLE = Automatic;
				DEVELOPMENT_TEAM = 579JAP9YP6;
				INFOPLIST_FILE = EasyShopperUITests/Info.plist;
				LD_RUNPATH_SEARCH_PATHS = (
					"$(inherited)",
					"@executable_path/Frameworks",
					"@loader_path/Frameworks",
				);
				PRODUCT_BUNDLE_IDENTIFIER = com.teckdk.EasyShopperUITests;
				PRODUCT_NAME = "$(TARGET_NAME)";
				SWIFT_VERSION = 5.0;
				TARGETED_DEVICE_FAMILY = "1,2";
				TEST_TARGET_NAME = EasyShopper;
			};
			name = Debug;
		};
		5907B3AD249762BE00C2D0EA /* Release */ = {
			isa = XCBuildConfiguration;
			buildSettings = {
				CODE_SIGN_STYLE = Automatic;
				DEVELOPMENT_TEAM = 579JAP9YP6;
				INFOPLIST_FILE = EasyShopperUITests/Info.plist;
				LD_RUNPATH_SEARCH_PATHS = (
					"$(inherited)",
					"@executable_path/Frameworks",
					"@loader_path/Frameworks",
				);
				PRODUCT_BUNDLE_IDENTIFIER = com.teckdk.EasyShopperUITests;
				PRODUCT_NAME = "$(TARGET_NAME)";
				SWIFT_VERSION = 5.0;
				TARGETED_DEVICE_FAMILY = "1,2";
				TEST_TARGET_NAME = EasyShopper;
			};
			name = Release;
		};
		5977C51E2494FAF20009D224 /* Debug */ = {
			isa = XCBuildConfiguration;
			baseConfigurationReference = 531761C03C9136637E15B150 /* Pods-EasyShopperTests.debug.xcconfig */;
			buildSettings = {
				BUNDLE_LOADER = "$(TEST_HOST)";
				CODE_SIGN_STYLE = Automatic;
				DEVELOPMENT_TEAM = 579JAP9YP6;
				INFOPLIST_FILE = EasyShopperTests/Info.plist;
				LD_RUNPATH_SEARCH_PATHS = (
					"$(inherited)",
					"@executable_path/Frameworks",
					"@loader_path/Frameworks",
				);
				PRODUCT_BUNDLE_IDENTIFIER = com.teckdk.EasyShopperTests;
				PRODUCT_NAME = "$(TARGET_NAME)";
				SWIFT_VERSION = 5.0;
				TARGETED_DEVICE_FAMILY = "1,2";
				TEST_HOST = "$(BUILT_PRODUCTS_DIR)/EasyShopper.app/EasyShopper";
			};
			name = Debug;
		};
		5977C51F2494FAF20009D224 /* Release */ = {
			isa = XCBuildConfiguration;
			baseConfigurationReference = D9D1DFB0CF601C27B6C29556 /* Pods-EasyShopperTests.release.xcconfig */;
			buildSettings = {
				BUNDLE_LOADER = "$(TEST_HOST)";
				CODE_SIGN_STYLE = Automatic;
				DEVELOPMENT_TEAM = 579JAP9YP6;
				INFOPLIST_FILE = EasyShopperTests/Info.plist;
				LD_RUNPATH_SEARCH_PATHS = (
					"$(inherited)",
					"@executable_path/Frameworks",
					"@loader_path/Frameworks",
				);
				PRODUCT_BUNDLE_IDENTIFIER = com.teckdk.EasyShopperTests;
				PRODUCT_NAME = "$(TARGET_NAME)";
				SWIFT_VERSION = 5.0;
				TARGETED_DEVICE_FAMILY = "1,2";
				TEST_HOST = "$(BUILT_PRODUCTS_DIR)/EasyShopper.app/EasyShopper";
			};
			name = Release;
		};
/* End XCBuildConfiguration section */

/* Begin XCConfigurationList section */
		3174478C2492AE7000862E28 /* Build configuration list for PBXProject "EasyShopper" */ = {
			isa = XCConfigurationList;
			buildConfigurations = (
				317447A32492AE7200862E28 /* Debug */,
				317447A42492AE7200862E28 /* Release */,
			);
			defaultConfigurationIsVisible = 0;
			defaultConfigurationName = Release;
		};
		317447A52492AE7200862E28 /* Build configuration list for PBXNativeTarget "EasyShopper" */ = {
			isa = XCConfigurationList;
			buildConfigurations = (
				317447A62492AE7200862E28 /* Debug */,
				317447A72492AE7200862E28 /* Release */,
			);
			defaultConfigurationIsVisible = 0;
			defaultConfigurationName = Release;
		};
		5907B3AB249762BE00C2D0EA /* Build configuration list for PBXNativeTarget "EasyShopperUITests" */ = {
			isa = XCConfigurationList;
			buildConfigurations = (
				5907B3AC249762BE00C2D0EA /* Debug */,
				5907B3AD249762BE00C2D0EA /* Release */,
			);
			defaultConfigurationIsVisible = 0;
			defaultConfigurationName = Release;
		};
		5977C5202494FAF20009D224 /* Build configuration list for PBXNativeTarget "EasyShopperTests" */ = {
			isa = XCConfigurationList;
			buildConfigurations = (
				5977C51E2494FAF20009D224 /* Debug */,
				5977C51F2494FAF20009D224 /* Release */,
			);
			defaultConfigurationIsVisible = 0;
			defaultConfigurationName = Release;
		};
/* End XCConfigurationList section */
	};
	rootObject = 317447892492AE7000862E28 /* Project object */;
}
